
Microsoft Visual Studio Solution File, Format Version 12.00
# Visual Studio 15
VisualStudioVersion = 15.0.28307.168
MinimumVisualStudioVersion = 10.0.40219.1
Project("{FAE04EC0-301F-11D3-BF4B-00C04F79EFBC}") = "SalesTaxesCalculator", "SalesTaxesCalculator\SalesTaxesCalculator.csproj", "{49267338-C498-4BD7-8D9C-C625186B2F55}"
EndProject
Project("{FAE04EC0-301F-11D3-BF4B-00C04F79EFBC}") = "SalesTaxesCalculator.Tests", "SalesTaxesCalculator.Tests\SalesTaxesCalculator.Tests.csproj", "{39B0FAA2-AC5D-48C5-B0ED-960459599249}"
EndProject
Global
	GlobalSection(SolutionConfigurationPlatforms) = preSolution
		Debug|Any CPU = Debug|Any CPU
		Release|Any CPU = Release|Any CPU
	EndGlobalSection
	GlobalSection(ProjectConfigurationPlatforms) = postSolution
		{49267338-C498-4BD7-8D9C-C625186B2F55}.Debug|Any CPU.ActiveCfg = Debug|Any CPU
		{49267338-C498-4BD7-8D9C-C625186B2F55}.Debug|Any CPU.Build.0 = Debug|Any CPU
		{49267338-C498-4BD7-8D9C-C625186B2F55}.Release|Any CPU.ActiveCfg = Release|Any CPU
		{49267338-C498-4BD7-8D9C-C625186B2F55}.Release|Any CPU.Build.0 = Release|Any CPU
		{39B0FAA2-AC5D-48C5-B0ED-960459599249}.Debug|Any CPU.ActiveCfg = Debug|Any CPU
		{39B0FAA2-AC5D-48C5-B0ED-960459599249}.Debug|Any CPU.Build.0 = Debug|Any CPU
		{39B0FAA2-AC5D-48C5-B0ED-960459599249}.Release|Any CPU.ActiveCfg = Release|Any CPU
		{39B0FAA2-AC5D-48C5-B0ED-960459599249}.Release|Any CPU.Build.0 = Release|Any CPU
	EndGlobalSection
	GlobalSection(SolutionProperties) = preSolution
		HideSolutionNode = FALSE
	EndGlobalSection
	GlobalSection(ExtensibilityGlobals) = postSolution
		SolutionGuid = {3FDBAA76-ECD9-43B9-90A4-59FF8663CCE8}
	EndGlobalSection
EndGlobal
